
Microsoft Visual Studio Solution File, Format Version 12.00
# Visual Studio 2012
Project("{FAE04EC0-301F-11D3-BF4B-00C04F79EFBC}") = "WPF RemoteControl with USBUIRT", "WPF RemoteControl with USBUIRT\WPF RemoteControl with USBUIRT.csproj", "{94F447CC-4C25-4C0C-81E2-0533DD4DF546}"
EndProject
Global
	GlobalSection(SolutionConfigurationPlatforms) = preSolution
		Debug|Any CPU = Debug|Any CPU
		Release|Any CPU = Release|Any CPU
	EndGlobalSection
	GlobalSection(ProjectConfigurationPlatforms) = postSolution
		{94F447CC-4C25-4C0C-81E2-0533DD4DF546}.Debug|Any CPU.ActiveCfg = Debug|Any CPU
		{94F447CC-4C25-4C0C-81E2-0533DD4DF546}.Debug|Any CPU.Build.0 = Debug|Any CPU
		{94F447CC-4C25-4C0C-81E2-0533DD4DF546}.Release|Any CPU.ActiveCfg = Release|Any CPU
		{94F447CC-4C25-4C0C-81E2-0533DD4DF546}.Release|Any CPU.Build.0 = Release|Any CPU
	EndGlobalSection
	GlobalSection(SolutionProperties) = preSolution
		HideSolutionNode = FALSE
	EndGlobalSection
EndGlobal
